
Microsoft Visual Studio Solution File, Format Version 12.00
# Visual Studio Version 16
VisualStudioVersion = 16.0.31019.35
MinimumVisualStudioVersion = 10.0.40219.1
Project("{FAE04EC0-301F-11D3-BF4B-00C04F79EFBC}") = "HEICViewer", "HEICViewer\HEICViewer.csproj", "{1F769906-550C-4E60-9D88-01DC28F69C7F}"
EndProject
Global
	GlobalSection(SolutionConfigurationPlatforms) = preSolution
		Debug|Any CPU = Debug|Any CPU
		Release|Any CPU = Release|Any CPU
	EndGlobalSection
	GlobalSection(ProjectConfigurationPlatforms) = postSolution
		{1F769906-550C-4E60-9D88-01DC28F69C7F}.Debug|Any CPU.ActiveCfg = Debug|Any CPU
		{1F769906-550C-4E60-9D88-01DC28F69C7F}.Debug|Any CPU.Build.0 = Debug|Any CPU
		{1F769906-550C-4E60-9D88-01DC28F69C7F}.Release|Any CPU.ActiveCfg = Release|Any CPU
		{1F769906-550C-4E60-9D88-01DC28F69C7F}.Release|Any CPU.Build.0 = Release|Any CPU
	EndGlobalSection
	GlobalSection(SolutionProperties) = preSolution
		HideSolutionNode = FALSE
	EndGlobalSection
	GlobalSection(ExtensibilityGlobals) = postSolution
		SolutionGuid = {EBC1A1CF-9F55-4F7A-91B5-6A719507A102}
	EndGlobalSection
EndGlobal
